<?xml version="1.0" encoding="utf-8"?>
<Project ToolsVersion="4.0" xmlns="http://schemas.microsoft.com/developer/msbuild/2003">
  <ItemGroup>
    <Filter Include="Assets">
      <UniqueIdentifier>17b52f90-9b33-4188-8a0e-808582bbabbc</UniqueIdentifier>
      <Extensions>ico;bmp;dlg;gif;jpg;jpeg;jpe;resx;tiff;tif;png;wav;resw;resjson</Extensions>
    </Filter>
    <Filter Include="Classes">
      <UniqueIdentifier>{75a4d4c5-4978-4bf9-a391-fbbd7b2d35b3}</UniqueIdentifier>
    </Filter>
    <Filter Include="Classes\ClickAndMoveTest">
      <UniqueIdentifier>{c4067854-d06e-431d-b750-d76dab15655d}</UniqueIdentifier>
    </Filter>
    <Filter Include="Assets\Resources">
      <UniqueIdentifier>{47f8e135-645b-4a63-b6d3-580a2efe47fc}</UniqueIdentifier>
    </Filter>
    <Filter Include="Assets\Resources\fonts">
      <UniqueIdentifier>{7abed985-ff9f-4061-861d-400e08454f2c}</UniqueIdentifier>
    </Filter>
    <Filter Include="Assets\Resources\image">
      <UniqueIdentifier>{b42e2477-ac97-48ed-a15c-200f4e9dc521}</UniqueIdentifier>
    </Filter>
    <Filter Include="Assets\Resources\maps">
      <UniqueIdentifier>{f1757dd4-1e03-420e-9142-744e82e69a48}</UniqueIdentifier>
    </Filter>
    <Filter Include="Assets\Resources\image\background">
      <UniqueIdentifier>{4b41f6b4-118a-44c9-9305-51eb6622ce22}</UniqueIdentifier>
    </Filter>
    <Filter Include="Assets\Resources\image\character">
      <UniqueIdentifier>{d8918697-fe92-4c43-8ed4-7ee47c3f8933}</UniqueIdentifier>
    </Filter>
    <Filter Include="Assets\Resources\image\button">
      <UniqueIdentifier>{10606344-de0f-4c30-b45b-ec0bc052a61c}</UniqueIdentifier>
    </Filter>
    <Filter Include="Assets\Resources\script">
      <UniqueIdentifier>{840dd9c8-4570-4c61-b0f1-6cdf846e17be}</UniqueIdentifier>
    </Filter>
  </ItemGroup>
  <ItemGroup>
    <Image Include="Assets\ApplicationIcon.png">
      <Filter>Assets</Filter>
    </Image>
    <Image Include="Assets\AlignmentGrid.png">
      <Filter>Assets</Filter>
    </Image>
    <Image Include="Assets\Tiles\FlipCycleTileLarge.png">
      <Filter>Assets</Filter>
    </Image>
    <Image Include="Assets\Tiles\FlipCycleTileMedium.png">
      <Filter>Assets</Filter>
    </Image>
    <Image Include="Assets\Tiles\FlipCycleTileSmall.png">
      <Filter>Assets</Filter>
    </Image>
    <Image Include="Assets\Tiles\IconicTileMediumLarge.png">
      <Filter>Assets</Filter>
    </Image>
    <Image Include="Assets\Tiles\IconicTileSmall.png">
      <Filter>Assets</Filter>
    </Image>
    <Image Include="..\Resources\image\background\main_menu_background.png">
      <Filter>Assets\Resources\image\background</Filter>
    </Image>
    <Image Include="..\Resources\image\background\dialog-box.png">
      <Filter>Assets\Resources\image\background</Filter>
    </Image>
    <Image Include="..\Resources\image\button\btn-continue.png">
      <Filter>Assets\Resources\image\character</Filter>
    </Image>
    <Image Include="..\Resources\image\button\btn-continue-pressed.png">
      <Filter>Assets\Resources\image\character</Filter>
    </Image>
    <Image Include="..\Resources\image\button\btn-exit.png">
      <Filter>Assets\Resources\image\character</Filter>
    </Image>
    <Image Include="..\Resources\image\button\btn-exit-pressed.png">
      <Filter>Assets\Resources\image\character</Filter>
    </Image>
    <Image Include="..\Resources\image\button\btn-newgame.png">
      <Filter>Assets\Resources\image\character</Filter>
    </Image>
    <Image Include="..\Resources\image\button\btn-newgame-pressed.png">
      <Filter>Assets\Resources\image\character</Filter>
    </Image>
    <Image Include="..\Resources\image\character\1.png">
      <Filter>Assets\Resources\image\button</Filter>
    </Image>
    <Image Include="..\Resources\image\character\lin.png">
      <Filter>Assets\Resources\image\button</Filter>
    </Image>
    <Image Include="..\Resources\image\character\vichy.png">
      <Filter>Assets\Resources\image\button</Filter>
    </Image>
    <Image Include="..\Resources\image\character\xee squared.png">
      <Filter>Assets\Resources\image\button</Filter>
    </Image>
    <Image Include="..\Resources\maps\babygrand.png">
      <Filter>Assets\Resources\maps</Filter>
    </Image>
    <Image Include="..\Resources\maps\bk9.png">
      <Filter>Assets\Resources\maps</Filter>
    </Image>
    <Image Include="..\Resources\maps\candyshop.png">
      <Filter>Assets\Resources\maps</Filter>
    </Image>
    <Image Include="..\Resources\maps\clutter2.png">
      <Filter>Assets\Resources\maps</Filter>
    </Image>
    <Image Include="..\Resources\maps\clutter2_1.png">
      <Filter>Assets\Resources\maps</Filter>
    </Image>
    <Image Include="..\Resources\maps\face_w2_2d.png">
      <Filter>Assets\Resources\maps</Filter>
    </Image>
    <Image Include="..\Resources\maps\gallery_97945_471_9692.png">
      <Filter>Assets\Resources\maps</Filter>
    </Image>
    <Image Include="..\Resources\maps\gallery_113008_882_4375.png">
      <Filter>Assets\Resources\maps</Filter>
    </Image>
    <Image Include="..\Resources\maps\HXc7UOY.png">
      <Filter>Assets\Resources\maps</Filter>
    </Image>
    <Image Include="..\Resources\maps\indoor_free_tileset__by_thegreatblaid-d5x95zt.png">
      <Filter>Assets\Resources\maps</Filter>
    </Image>
    <Image Include="..\Resources\maps\key.png">
      <Filter>Assets\Resources\maps</Filter>
    </Image>
    <Image Include="..\Resources\maps\krmy.png">
      <Filter>Assets\Resources\maps</Filter>
    </Image>
    <Image Include="..\Resources\maps\lgs.png">
      <Filter>Assets\Resources\maps</Filter>
    </Image>
    <Image Include="..\Resources\maps\library_tiles.png">
      <Filter>Assets\Resources\maps</Filter>
    </Image>
    <Image Include="..\Resources\maps\light.png">
      <Filter>Assets\Resources\maps</Filter>
    </Image>
    <Image Include="..\Resources\maps\m6f.png">
      <Filter>Assets\Resources\maps</Filter>
    </Image>
    <Image Include="..\Resources\maps\mack__s_tile_set__a4_by_draymondc-d2z3z7j.png">
      <Filter>Assets\Resources\maps</Filter>
    </Image>
    <Image Include="..\Resources\maps\outside.png">
      <Filter>Assets\Resources\maps</Filter>
    </Image>
    <Image Include="..\Resources\maps\phone.png">
      <Filter>Assets\Resources\maps</Filter>
    </Image>
    <Image Include="..\Resources\maps\rpg_maker_vx___carpets_autotiles_by_ayene_chan-d5og8bo.png">
      <Filter>Assets\Resources\maps</Filter>
    </Image>
    <Image Include="..\Resources\maps\RPG_Maker_VX_RTP_Tileset_by_telles0808.png">
      <Filter>Assets\Resources\maps</Filter>
    </Image>
    <Image Include="..\Resources\maps\tilec (1).png">
      <Filter>Assets\Resources\maps</Filter>
    </Image>
    <Image Include="..\Resources\maps\tilec.png">
      <Filter>Assets\Resources\maps</Filter>
    </Image>
    <Image Include="..\Resources\maps\tilec_c.png">
      <Filter>Assets\Resources\maps</Filter>
    </Image>
    <Image Include="..\Resources\maps\tiled.png">
      <Filter>Assets\Resources\maps</Filter>
    </Image>
    <Image Include="..\Resources\maps\tiled_school.png">
      <Filter>Assets\Resources\maps</Filter>
    </Image>
    <Image Include="..\Resources\maps\tilee  old.png">
      <Filter>Assets\Resources\maps</Filter>
    </Image>
    <Image Include="..\Resources\maps\tilee.png">
      <Filter>Assets\Resources\maps</Filter>
    </Image>
    <Image Include="..\Resources\maps\tilee2.png">
      <Filter>Assets\Resources\maps</Filter>
    </Image>
    <Image Include="..\Resources\maps\tilee3.png">
      <Filter>Assets\Resources\maps</Filter>
    </Image>
    <Image Include="..\Resources\maps\tileset2j.png">
      <Filter>Assets\Resources\maps</Filter>
    </Image>
    <Image Include="..\Resources\maps\tmw_desert_spacing.png">
      <Filter>Assets\Resources\maps</Filter>
    </Image>
    <Image Include="..\Resources\maps\Untitled4.png">
      <Filter>Assets\Resources\maps</Filter>
    </Image>
    <Image Include="..\Resources\maps\window.png">
      <Filter>Assets\Resources\maps</Filter>
    </Image>
    <Image Include="..\Resources\maps\windows.png">
      <Filter>Assets\Resources\maps</Filter>
    </Image>
    <Image Include="..\Resources\maps\ywed.png">
      <Filter>Assets\Resources\maps</Filter>
    </Image>
    <Image Include="..\Resources\maps\2nq8y2x.jpg">
      <Filter>Assets\Resources\maps</Filter>
    </Image>
    <Image Include="..\Resources\maps\2v13pkp.jpg">
      <Filter>Assets\Resources\maps</Filter>
    </Image>
    <Image Include="..\Resources\maps\tilea410.jpg">
      <Filter>Assets\Resources\maps</Filter>
    </Image>
    <Image Include="..\Resources\maps\2nq8y2x.png">
      <Filter>Assets\Resources\maps</Filter>
    </Image>
    <Image Include="..\Resources\maps\4nl3.png">
      <Filter>Assets\Resources\maps</Filter>
    </Image>
    <Image Include="..\Resources\maps\016-ForestTown02.png">
      <Filter>Assets\Resources\maps</Filter>
    </Image>
    <Image Include="..\Resources\maps\apartment.png">
      <Filter>Assets\Resources\maps</Filter>
    </Image>
    <Image Include="..\Resources\maps\autotile.png">
      <Filter>Assets\Resources\maps</Filter>
    </Image>
    <Image Include="..\Resources\maps\autotile01.png">
      <Filter>Assets\Resources\maps</Filter>
    </Image>
    <Image Include="..\Resources\maps\tilecclassroom.png">
      <Filter>Assets\Resources\maps</Filter>
    </Image>
  </ItemGroup>
  <ItemGroup>
    <ClCompile Include="CastleOfThorn.cpp" />
    <ClCompile Include="..\Classes\AppDelegate.cpp">
      <Filter>Classes</Filter>
    </ClCompile>
    <ClCompile Include="..\Classes\MainMenuScene.cpp">
      <Filter>Classes</Filter>
    </ClCompile>
    <ClCompile Include="..\Classes\CCRPGTalkBox.cpp">
      <Filter>Classes</Filter>
    </ClCompile>
    <ClCompile Include="..\Classes\CCRPGJoystick.cpp">
      <Filter>Classes</Filter>
    </ClCompile>
    <ClCompile Include="..\Classes\CCRPGLoadMenu.cpp">
      <Filter>Classes</Filter>
    </ClCompile>
    <ClCompile Include="..\Classes\CCRPGPlayer.cpp">
      <Filter>Classes</Filter>
    </ClCompile>
    <ClCompile Include="..\Classes\CCRPGSaveMenu.cpp">
      <Filter>Classes</Filter>
    </ClCompile>
    <ClCompile Include="..\Classes\CCRPGStatusMenu.cpp">
      <Filter>Classes</Filter>
    </ClCompile>
    <ClCompile Include="..\Classes\IntroScene.cpp">
      <Filter>Classes</Filter>
    </ClCompile>
  </ItemGroup>
  <ItemGroup>
    <ClInclude Include="CastleOfThorn.h" />
    <ClInclude Include="..\Classes\AppDelegate.h">
      <Filter>Classes</Filter>
    </ClInclude>
    <ClInclude Include="..\Classes\AppMacros.h">
      <Filter>Classes</Filter>
    </ClInclude>
    <ClInclude Include="..\Classes\MainMenuScene.h">
      <Filter>Classes</Filter>
    </ClInclude>
    <ClInclude Include="..\Classes\CCRPGTalkBox.h">
      <Filter>Classes</Filter>
    </ClInclude>
    <ClInclude Include="..\Classes\CCRPGJoystick.h">
      <Filter>Classes</Filter>
    </ClInclude>
    <ClInclude Include="..\Classes\CCRPGLoadMenu.h">
      <Filter>Classes</Filter>
    </ClInclude>
    <ClInclude Include="..\Classes\CCRPGPlayer.h">
      <Filter>Classes</Filter>
    </ClInclude>
    <ClInclude Include="..\Classes\CCRPGSaveMenu.h">
      <Filter>Classes</Filter>
    </ClInclude>
    <ClInclude Include="..\Classes\CCRPGStatusMenu.h">
      <Filter>Classes</Filter>
    </ClInclude>
    <ClInclude Include="..\Classes\IntroScene.h">
      <Filter>Classes</Filter>
    </ClInclude>
  </ItemGroup>
  <ItemGroup>
    <Xml Include="WMAppManifest.xml" />
  </ItemGroup>
  <ItemGroup>
    <Font Include="..\Resources\fonts\Marker Felt.ttf">
      <Filter>Assets\Resources\fonts</Filter>
    </Font>
    <Font Include="..\Resources\fonts\Arial.ttf">
      <Filter>Assets\Resources\fonts</Filter>
    </Font>
    <Font Include="..\Resources\fonts\Heiti TC.ttf">
      <Filter>Assets\Resources\fonts</Filter>
    </Font>
    <Font Include="..\Resources\fonts\AR PLMingU20 Light.ttf">
      <Filter>Assets\Resources\fonts</Filter>
    </Font>
  </ItemGroup>
  <ItemGroup>
    <Text Include="..\Resources\script\text.txt">
      <Filter>Assets\Resources\script</Filter>
    </Text>
    <Text Include="..\Resources\script\text2.txt">
      <Filter>Assets\Resources\script</Filter>
    </Text>
  </ItemGroup>
  <ItemGroup>
    <None Include="..\Resources\maps\desert.tmx">
      <Filter>Assets\Resources\maps</Filter>
    </None>
    <None Include="..\Resources\maps\map-apartment.tmx">
      <Filter>Assets\Resources\maps</Filter>
    </None>
    <None Include="..\Resources\maps\desert.tsx">
      <Filter>Assets\Resources\maps</Filter>
    </None>
  </ItemGroup>
</Project>