<?xml version="1.0" encoding="utf-8"?>
<Project ToolsVersion="4.0" xmlns="http://schemas.microsoft.com/developer/msbuild/2003">
  <ItemGroup>
    <Filter Include="Assets">
      <UniqueIdentifier>17b52f90-9b33-4188-8a0e-808582bbabbc</UniqueIdentifier>
      <Extensions>ico;bmp;dlg;gif;jpg;jpeg;jpe;resx;tiff;tif;png;wav;resw;resjson</Extensions>
    </Filter>
    <Filter Include="Classes">
      <UniqueIdentifier>{75a4d4c5-4978-4bf9-a391-fbbd7b2d35b3}</UniqueIdentifier>
    </Filter>
    <Filter Include="Classes\ClickAndMoveTest">
      <UniqueIdentifier>{c4067854-d06e-431d-b750-d76dab15655d}</UniqueIdentifier>
    </Filter>
    <Filter Include="Assets\Resources">
      <UniqueIdentifier>{47f8e135-645b-4a63-b6d3-580a2efe47fc}</UniqueIdentifier>
    </Filter>
    <Filter Include="Assets\Resources\fonts">
      <UniqueIdentifier>{7abed985-ff9f-4061-861d-400e08454f2c}</UniqueIdentifier>
    </Filter>
    <Filter Include="Assets\Resources\image">
      <UniqueIdentifier>{b42e2477-ac97-48ed-a15c-200f4e9dc521}</UniqueIdentifier>
    </Filter>
    <Filter Include="Assets\Resources\maps">
      <UniqueIdentifier>{f1757dd4-1e03-420e-9142-744e82e69a48}</UniqueIdentifier>
    </Filter>
    <Filter Include="Assets\Resources\image\background">
      <UniqueIdentifier>{4b41f6b4-118a-44c9-9305-51eb6622ce22}</UniqueIdentifier>
    </Filter>
    <Filter Include="Assets\Resources\image\character">
      <UniqueIdentifier>{d8918697-fe92-4c43-8ed4-7ee47c3f8933}</UniqueIdentifier>
    </Filter>
    <Filter Include="Assets\Resources\image\button">
      <UniqueIdentifier>{10606344-de0f-4c30-b45b-ec0bc052a61c}</UniqueIdentifier>
    </Filter>
    <Filter Include="Assets\Resources\script">
      <UniqueIdentifier>{840dd9c8-4570-4c61-b0f1-6cdf846e17be}</UniqueIdentifier>
    </Filter>
    <Filter Include="Assets\Resources\animation">
      <UniqueIdentifier>{ec4acc72-f28c-472a-bd47-2dc3f9120702}</UniqueIdentifier>
    </Filter>
  </ItemGroup>
  <ItemGroup>
    <Image Include="Assets\ApplicationIcon.png">
      <Filter>Assets</Filter>
    </Image>
    <Image Include="Assets\AlignmentGrid.png">
      <Filter>Assets</Filter>
    </Image>
    <Image Include="Assets\Tiles\FlipCycleTileLarge.png">
      <Filter>Assets</Filter>
    </Image>
    <Image Include="Assets\Tiles\FlipCycleTileMedium.png">
      <Filter>Assets</Filter>
    </Image>
    <Image Include="Assets\Tiles\FlipCycleTileSmall.png">
      <Filter>Assets</Filter>
    </Image>
    <Image Include="Assets\Tiles\IconicTileMediumLarge.png">
      <Filter>Assets</Filter>
    </Image>
    <Image Include="Assets\Tiles\IconicTileSmall.png">
      <Filter>Assets</Filter>
    </Image>
    <Image Include="..\Resources\image\background\main_menu_background.png">
      <Filter>Assets\Resources\image\background</Filter>
    </Image>
    <Image Include="..\Resources\image\background\dialog-box.png">
      <Filter>Assets\Resources\image\background</Filter>
    </Image>
    <Image Include="..\Resources\image\button\btn-continue-pressed.png">
      <Filter>Assets\Resources\image\button</Filter>
    </Image>
    <Image Include="..\Resources\image\button\btn-continue.png">
      <Filter>Assets\Resources\image\button</Filter>
    </Image>
    <Image Include="..\Resources\image\button\btn-newgame-pressed.png">
      <Filter>Assets\Resources\image\button</Filter>
    </Image>
    <Image Include="..\Resources\image\button\btn-newgame.png">
      <Filter>Assets\Resources\image\button</Filter>
    </Image>
    <Image Include="..\Resources\image\character\1.png">
      <Filter>Assets\Resources\image\character</Filter>
    </Image>
    <Image Include="..\Resources\image\character\lin.png">
      <Filter>Assets\Resources\image\character</Filter>
    </Image>
    <Image Include="..\Resources\image\character\vichy.png">
      <Filter>Assets\Resources\image\character</Filter>
    </Image>
    <Image Include="..\Resources\image\character\xee squared.png">
      <Filter>Assets\Resources\image\character</Filter>
    </Image>
    <Image Include="..\Resources\image\button\btnA.png">
      <Filter>Assets\Resources\image\button</Filter>
    </Image>
    <Image Include="..\Resources\image\button\btnA_down.png">
      <Filter>Assets\Resources\image\button</Filter>
    </Image>
    <Image Include="..\Resources\image\button\btn-about.png">
      <Filter>Assets\Resources\image\button</Filter>
    </Image>
    <Image Include="..\Resources\image\button\btn-about-pressed.png">
      <Filter>Assets\Resources\image\button</Filter>
    </Image>
    <Image Include="..\Resources\image\button\btnB.png">
      <Filter>Assets\Resources\image\button</Filter>
    </Image>
    <Image Include="..\Resources\image\button\btnB_down.png">
      <Filter>Assets\Resources\image\button</Filter>
    </Image>
    <Image Include="..\Resources\image\button\chara.png">
      <Filter>Assets\Resources\image\button</Filter>
    </Image>
    <Image Include="..\Resources\image\button\chara_down.png">
      <Filter>Assets\Resources\image\button</Filter>
    </Image>
    <Image Include="..\Resources\image\button\close.png">
      <Filter>Assets\Resources\image\button</Filter>
    </Image>
    <Image Include="..\Resources\image\button\close_down.png">
      <Filter>Assets\Resources\image\button</Filter>
    </Image>
    <Image Include="..\Resources\image\button\dpad_down.png">
      <Filter>Assets\Resources\image\button</Filter>
    </Image>
    <Image Include="..\Resources\image\button\dpad_left.png">
      <Filter>Assets\Resources\image\button</Filter>
    </Image>
    <Image Include="..\Resources\image\button\dpad_right.png">
      <Filter>Assets\Resources\image\button</Filter>
    </Image>
    <Image Include="..\Resources\image\button\dpad_up.png">
      <Filter>Assets\Resources\image\button</Filter>
    </Image>
    <Image Include="..\Resources\image\button\package.png">
      <Filter>Assets\Resources\image\button</Filter>
    </Image>
    <Image Include="..\Resources\image\button\package_down.png">
      <Filter>Assets\Resources\image\button</Filter>
    </Image>
    <Image Include="..\Resources\animation\lin-back.png">
      <Filter>Assets\Resources\animation</Filter>
    </Image>
    <Image Include="..\Resources\animation\lin-back-left.png">
      <Filter>Assets\Resources\animation</Filter>
    </Image>
    <Image Include="..\Resources\animation\lin-back-right.png">
      <Filter>Assets\Resources\animation</Filter>
    </Image>
    <Image Include="..\Resources\animation\lin-front.png">
      <Filter>Assets\Resources\animation</Filter>
    </Image>
    <Image Include="..\Resources\animation\lin-front-left.png">
      <Filter>Assets\Resources\animation</Filter>
    </Image>
    <Image Include="..\Resources\animation\lin-front-right.png">
      <Filter>Assets\Resources\animation</Filter>
    </Image>
    <Image Include="..\Resources\animation\lin-left.png">
      <Filter>Assets\Resources\animation</Filter>
    </Image>
    <Image Include="..\Resources\animation\lin-left-left.png">
      <Filter>Assets\Resources\animation</Filter>
    </Image>
    <Image Include="..\Resources\animation\lin-left-right.png">
      <Filter>Assets\Resources\animation</Filter>
    </Image>
    <Image Include="..\Resources\animation\lin-right.png">
      <Filter>Assets\Resources\animation</Filter>
    </Image>
    <Image Include="..\Resources\animation\lin-right-left.png">
      <Filter>Assets\Resources\animation</Filter>
    </Image>
    <Image Include="..\Resources\animation\lin-right-right.png">
      <Filter>Assets\Resources\animation</Filter>
    </Image>
    <Image Include="..\Resources\animation\xi-back.png">
      <Filter>Assets\Resources\animation</Filter>
    </Image>
    <Image Include="..\Resources\animation\xi-back-left.png">
      <Filter>Assets\Resources\animation</Filter>
    </Image>
    <Image Include="..\Resources\animation\xi-back-right.png">
      <Filter>Assets\Resources\animation</Filter>
    </Image>
    <Image Include="..\Resources\animation\xi-front.png">
      <Filter>Assets\Resources\animation</Filter>
    </Image>
    <Image Include="..\Resources\animation\xi-front-left.png">
      <Filter>Assets\Resources\animation</Filter>
    </Image>
    <Image Include="..\Resources\animation\xi-front-right.png">
      <Filter>Assets\Resources\animation</Filter>
    </Image>
    <Image Include="..\Resources\animation\xi-left.png">
      <Filter>Assets\Resources\animation</Filter>
    </Image>
    <Image Include="..\Resources\animation\xi-left-left.png">
      <Filter>Assets\Resources\animation</Filter>
    </Image>
    <Image Include="..\Resources\animation\xi-left-right.png">
      <Filter>Assets\Resources\animation</Filter>
    </Image>
    <Image Include="..\Resources\animation\xi-right.png">
      <Filter>Assets\Resources\animation</Filter>
    </Image>
    <Image Include="..\Resources\animation\xi-right-left.png">
      <Filter>Assets\Resources\animation</Filter>
    </Image>
    <Image Include="..\Resources\animation\xi-right-right.png">
      <Filter>Assets\Resources\animation</Filter>
    </Image>
    <Image Include="..\Resources\animation\yi-back.png">
      <Filter>Assets\Resources\animation</Filter>
    </Image>
    <Image Include="..\Resources\animation\yi-back-left.png">
      <Filter>Assets\Resources\animation</Filter>
    </Image>
    <Image Include="..\Resources\animation\yi-back-right.png">
      <Filter>Assets\Resources\animation</Filter>
    </Image>
    <Image Include="..\Resources\animation\yi-front.png">
      <Filter>Assets\Resources\animation</Filter>
    </Image>
    <Image Include="..\Resources\animation\yi-front-left.png">
      <Filter>Assets\Resources\animation</Filter>
    </Image>
    <Image Include="..\Resources\animation\yi-front-right.png">
      <Filter>Assets\Resources\animation</Filter>
    </Image>
    <Image Include="..\Resources\animation\yi-left.png">
      <Filter>Assets\Resources\animation</Filter>
    </Image>
    <Image Include="..\Resources\animation\yi-left-left.png">
      <Filter>Assets\Resources\animation</Filter>
    </Image>
    <Image Include="..\Resources\animation\yi-left-right.png">
      <Filter>Assets\Resources\animation</Filter>
    </Image>
    <Image Include="..\Resources\animation\yi-right.png">
      <Filter>Assets\Resources\animation</Filter>
    </Image>
    <Image Include="..\Resources\animation\yi-right-left.png">
      <Filter>Assets\Resources\animation</Filter>
    </Image>
    <Image Include="..\Resources\animation\yi-right-right.png">
      <Filter>Assets\Resources\animation</Filter>
    </Image>
    <Image Include="..\Resources\image\button\dpad.png">
      <Filter>Assets\Resources\image\button</Filter>
    </Image>
    <Image Include="..\Resources\maps\apartment-tilesets.png">
      <Filter>Assets\Resources\maps</Filter>
    </Image>
    <Image Include="..\Resources\image\background\about.png">
      <Filter>Assets\Resources\image\background</Filter>
    </Image>
    <Image Include="..\Resources\image\character\npc.png">
      <Filter>Assets\Resources\image\character</Filter>
    </Image>
  </ItemGroup>
  <ItemGroup>
    <ClCompile Include="CastleOfThorn.cpp" />
    <ClCompile Include="..\Classes\AppDelegate.cpp">
      <Filter>Classes</Filter>
    </ClCompile>
    <ClCompile Include="..\Classes\MainMenuScene.cpp">
      <Filter>Classes</Filter>
    </ClCompile>
    <ClCompile Include="..\Classes\CCRPGTalkBox.cpp">
      <Filter>Classes</Filter>
    </ClCompile>
    <ClCompile Include="..\Classes\CCRPGJoystick.cpp">
      <Filter>Classes</Filter>
    </ClCompile>
    <ClCompile Include="..\Classes\CCRPGPlayer.cpp">
      <Filter>Classes</Filter>
    </ClCompile>
    <ClCompile Include="..\Classes\CCRPGStatusMenu.cpp">
      <Filter>Classes</Filter>
    </ClCompile>
    <ClCompile Include="..\Classes\IntroScene.cpp">
      <Filter>Classes</Filter>
    </ClCompile>
    <ClCompile Include="..\Classes\CCRPGScene.cpp">
      <Filter>Classes</Filter>
    </ClCompile>
    <ClCompile Include="CCRPGAboutScene.cpp">
      <Filter>Classes</Filter>
    </ClCompile>
    <ClCompile Include="..\Classes\CCRPGLoadMenu.cpp">
      <Filter>Classes</Filter>
    </ClCompile>
    <ClCompile Include="..\Classes\CCRPGSaveMenu.cpp">
      <Filter>Classes</Filter>
    </ClCompile>
    <ClCompile Include="..\Classes\FirstfloorScene.cpp">
      <Filter>Classes</Filter>
    </ClCompile>
    <ClCompile Include="..\Classes\NewgameScene.cpp">
      <Filter>Classes</Filter>
    </ClCompile>
    <ClCompile Include="..\Classes\RoadScene.cpp">
      <Filter>Classes</Filter>
    </ClCompile>
    <ClCompile Include="..\Classes\GameoverScene.cpp">
      <Filter>Classes</Filter>
    </ClCompile>
  </ItemGroup>
  <ItemGroup>
    <ClInclude Include="CastleOfThorn.h" />
    <ClInclude Include="..\Classes\AppDelegate.h">
      <Filter>Classes</Filter>
    </ClInclude>
    <ClInclude Include="..\Classes\AppMacros.h">
      <Filter>Classes</Filter>
    </ClInclude>
    <ClInclude Include="..\Classes\MainMenuScene.h">
      <Filter>Classes</Filter>
    </ClInclude>
    <ClInclude Include="..\Classes\CCRPGTalkBox.h">
      <Filter>Classes</Filter>
    </ClInclude>
    <ClInclude Include="..\Classes\CCRPGJoystick.h">
      <Filter>Classes</Filter>
    </ClInclude>
    <ClInclude Include="..\Classes\CCRPGPlayer.h">
      <Filter>Classes</Filter>
    </ClInclude>
    <ClInclude Include="..\Classes\CCRPGStatusMenu.h">
      <Filter>Classes</Filter>
    </ClInclude>
    <ClInclude Include="..\Classes\IntroScene.h">
      <Filter>Classes</Filter>
    </ClInclude>
    <ClInclude Include="..\Classes\CCRPGScene.h">
      <Filter>Classes</Filter>
    </ClInclude>
    <ClInclude Include="CCRPGAboutScene.h">
      <Filter>Classes</Filter>
    </ClInclude>
    <ClInclude Include="..\Classes\CCRPGLoadMenu.h">
      <Filter>Classes</Filter>
    </ClInclude>
    <ClInclude Include="..\Classes\CCRPGSaveMenu.h">
      <Filter>Classes</Filter>
    </ClInclude>
    <ClInclude Include="..\Classes\FirstfloorScene.h">
      <Filter>Classes</Filter>
    </ClInclude>
    <ClInclude Include="..\Classes\GameoverScene.h">
      <Filter>Classes</Filter>
    </ClInclude>
    <ClInclude Include="..\Classes\NewgameScene.h">
      <Filter>Classes</Filter>
    </ClInclude>
    <ClInclude Include="..\Classes\RoadScene.h">
      <Filter>Classes</Filter>
    </ClInclude>
  </ItemGroup>
  <ItemGroup>
    <Xml Include="WMAppManifest.xml" />
  </ItemGroup>
  <ItemGroup>
    <Font Include="..\Resources\fonts\Marker Felt.ttf">
      <Filter>Assets\Resources\fonts</Filter>
    </Font>
    <Font Include="..\Resources\fonts\Arial.ttf">
      <Filter>Assets\Resources\fonts</Filter>
    </Font>
    <Font Include="..\Resources\fonts\AR PLMingU20 Light.ttf">
      <Filter>Assets\Resources\fonts</Filter>
    </Font>
  </ItemGroup>
  <ItemGroup>
    <Text Include="..\Resources\script\intro.txt">
      <Filter>Assets\Resources\script</Filter>
    </Text>
    <Text Include="..\Resources\script\1_2.txt">
      <Filter>Assets\Resources\script</Filter>
    </Text>
    <Text Include="..\Resources\script\1_3.txt">
      <Filter>Assets\Resources\script</Filter>
    </Text>
    <Text Include="..\Resources\script\1_1.txt">
      <Filter>Assets\Resources\script</Filter>
    </Text>
    <Text Include="..\Resources\script\1_4.txt">
      <Filter>Assets\Resources\script</Filter>
    </Text>
    <Text Include="..\Resources\script\1_go.txt">
      <Filter>Assets\Resources\script</Filter>
    </Text>
    <Text Include="..\Resources\script\1_notgo.txt">
      <Filter>Assets\Resources\script</Filter>
    </Text>
    <Text Include="..\Resources\script\save.txt">
      <Filter>Assets\Resources\script</Filter>
    </Text>
  </ItemGroup>
  <ItemGroup>
    <None Include="..\Resources\maps\apartment.tmx">
      <Filter>Assets\Resources\maps</Filter>
    </None>
  </ItemGroup>
</Project>